
Microsoft Visual Studio Solution File, Format Version 12.00
# Visual Studio 2013
VisualStudioVersion = 12.0.31101.0
MinimumVisualStudioVersion = 10.0.40219.1
Project("{FAE04EC0-301F-11D3-BF4B-00C04F79EFBC}") = "Extensions", "Extensions\Extensions.csproj", "{AF5A4DAD-9943-4ACC-8DD1-6193BBF311C8}"
EndProject
Project("{FAE04EC0-301F-11D3-BF4B-00C04F79EFBC}") = "LINQ", "LINQ\LINQ.csproj", "{1056B6EC-5086-46B2-9BC9-2A888C8ABFED}"
EndProject
Project("{FAE04EC0-301F-11D3-BF4B-00C04F79EFBC}") = "DivisibleBy7And3", "DivisibleBy7And3\DivisibleBy7And3.csproj", "{87234FA6-185F-41CA-A29A-D3223956D2AC}"
EndProject
Project("{FAE04EC0-301F-11D3-BF4B-00C04F79EFBC}") = "Timer", "Timer\Timer.csproj", "{715F75D5-E644-4099-8061-765480ACA10A}"
EndProject
Global
	GlobalSection(SolutionConfigurationPlatforms) = preSolution
		Debug|Any CPU = Debug|Any CPU
		Release|Any CPU = Release|Any CPU
	EndGlobalSection
	GlobalSection(ProjectConfigurationPlatforms) = postSolution
		{AF5A4DAD-9943-4ACC-8DD1-6193BBF311C8}.Debug|Any CPU.ActiveCfg = Debug|Any CPU
		{AF5A4DAD-9943-4ACC-8DD1-6193BBF311C8}.Debug|Any CPU.Build.0 = Debug|Any CPU
		{AF5A4DAD-9943-4ACC-8DD1-6193BBF311C8}.Release|Any CPU.ActiveCfg = Release|Any CPU
		{AF5A4DAD-9943-4ACC-8DD1-6193BBF311C8}.Release|Any CPU.Build.0 = Release|Any CPU
		{1056B6EC-5086-46B2-9BC9-2A888C8ABFED}.Debug|Any CPU.ActiveCfg = Debug|Any CPU
		{1056B6EC-5086-46B2-9BC9-2A888C8ABFED}.Debug|Any CPU.Build.0 = Debug|Any CPU
		{1056B6EC-5086-46B2-9BC9-2A888C8ABFED}.Release|Any CPU.ActiveCfg = Release|Any CPU
		{1056B6EC-5086-46B2-9BC9-2A888C8ABFED}.Release|Any CPU.Build.0 = Release|Any CPU
		{87234FA6-185F-41CA-A29A-D3223956D2AC}.Debug|Any CPU.ActiveCfg = Debug|Any CPU
		{87234FA6-185F-41CA-A29A-D3223956D2AC}.Debug|Any CPU.Build.0 = Debug|Any CPU
		{87234FA6-185F-41CA-A29A-D3223956D2AC}.Release|Any CPU.ActiveCfg = Release|Any CPU
		{87234FA6-185F-41CA-A29A-D3223956D2AC}.Release|Any CPU.Build.0 = Release|Any CPU
		{715F75D5-E644-4099-8061-765480ACA10A}.Debug|Any CPU.ActiveCfg = Debug|Any CPU
		{715F75D5-E644-4099-8061-765480ACA10A}.Debug|Any CPU.Build.0 = Debug|Any CPU
		{715F75D5-E644-4099-8061-765480ACA10A}.Release|Any CPU.ActiveCfg = Release|Any CPU
		{715F75D5-E644-4099-8061-765480ACA10A}.Release|Any CPU.Build.0 = Release|Any CPU
	EndGlobalSection
	GlobalSection(SolutionProperties) = preSolution
		HideSolutionNode = FALSE
	EndGlobalSection
EndGlobal
